{
  "name": "dashmc-landing",
  "version": "1.0.0",
  "lockfileVersion": 3,
  "requires": true,
  "packages": {
    "": {
      "name": "dashmc-landing",
      "version": "1.0.0",
      "dependencies": {
        "react": "^18.2.0",
        "react-dom": "^18.2.0"
      },
      "devDependencies": {
        "@vitejs/plugin-react": "^4.2.0",
        "vite": "^5.0.0"
      }
    },
    "node_modules/react": {
      "version": "18.2.0",
      "resolved": "https://registry.npmjs.org/react/-/react-18.2.0.tgz",
      "integrity": "sha512-/3IjMdb2d7YQDdyCjTiMQuuLHcEGoVYLRNvKcJsteVEh9UpAJZciV06P88GJEqn3Ejj6LikUeJ8V+RaHcRUW2Q=="
    },
    "node_modules/react-dom": {
      "version": "18.2.0",
      "resolved": "https://registry.npmjs.org/react-dom/-/react-dom-18.2.0.tgz",
      "integrity": "sha512-+0Wz2X2gYdEx+kt1/3uzMdGII4XESyqCCpt5TR1+t0NenE2no0RvrRZtGJPD7W82dManIeZDV4SSQdlqzTeWY5A==",
      "dependencies": {
        "react": "18.2.0"
      }
    },
    "node_modules/vite": {
      "version": "5.0.0",
      "resolved": "https://registry.npmjs.org/vite/-/vite-5.0.0.tgz",
      "integrity": "sha512-AAAAAAAAAAAAAAAAAAAAAAAAAAAAAAAAAAAAAAAAAAA="
    },
    "node_modules/@vitejs/plugin-react": {
      "version": "4.2.0",
      "resolved": "https://registry.npmjs.org/@vitejs/plugin-react/-/plugin-react-4.2.0.tgz",
      "integrity": "sha512-BBBBBBBBBBBBBBBBBBBBBBBBBBBBBBBBBBBBBBBBBBBB",
      "dependencies": {
        "vite": "^5.0.0"
      }
    }
  }
}
